
Microsoft Visual Studio Solution File, Format Version 12.00
Project("{FAE04EC0-301F-11D3-BF4B-00C04F79EFBC}") = "MongoDbApi", "MongoDbApi\MongoDbApi.csproj", "{BCF49073-FC2A-4795-8F54-3093D8362F4C}"
EndProject
Global
	GlobalSection(SolutionConfigurationPlatforms) = preSolution
		Debug|Any CPU = Debug|Any CPU
		Release|Any CPU = Release|Any CPU
	EndGlobalSection
	GlobalSection(ProjectConfigurationPlatforms) = postSolution
		{BCF49073-FC2A-4795-8F54-3093D8362F4C}.Debug|Any CPU.ActiveCfg = Debug|Any CPU
		{BCF49073-FC2A-4795-8F54-3093D8362F4C}.Debug|Any CPU.Build.0 = Debug|Any CPU
		{BCF49073-FC2A-4795-8F54-3093D8362F4C}.Release|Any CPU.ActiveCfg = Release|Any CPU
		{BCF49073-FC2A-4795-8F54-3093D8362F4C}.Release|Any CPU.Build.0 = Release|Any CPU
	EndGlobalSection
EndGlobal
